
Microsoft Visual Studio Solution File, Format Version 12.00
# Visual Studio 15
VisualStudioVersion = 15.0.27703.2035
MinimumVisualStudioVersion = 10.0.40219.1
Project("{FAE04EC0-301F-11D3-BF4B-00C04F79EFBC}") = "TestToolsNanUI", "TestToolsNanUI\TestToolsNanUI.csproj", "{AADECBFF-456B-4EEF-9438-9536A6AC328A}"
EndProject
Global
	GlobalSection(SolutionConfigurationPlatforms) = preSolution
		Debug|Any CPU = Debug|Any CPU
		Release|Any CPU = Release|Any CPU
	EndGlobalSection
	GlobalSection(ProjectConfigurationPlatforms) = postSolution
		{AADECBFF-456B-4EEF-9438-9536A6AC328A}.Debug|Any CPU.ActiveCfg = Debug|Any CPU
		{AADECBFF-456B-4EEF-9438-9536A6AC328A}.Debug|Any CPU.Build.0 = Debug|Any CPU
		{AADECBFF-456B-4EEF-9438-9536A6AC328A}.Release|Any CPU.ActiveCfg = Release|Any CPU
		{AADECBFF-456B-4EEF-9438-9536A6AC328A}.Release|Any CPU.Build.0 = Release|Any CPU
	EndGlobalSection
	GlobalSection(SolutionProperties) = preSolution
		HideSolutionNode = FALSE
	EndGlobalSection
	GlobalSection(ExtensibilityGlobals) = postSolution
		SolutionGuid = {B5181270-15C5-4A09-AA97-83A0E5649865}
	EndGlobalSection
EndGlobal
